
Microsoft Visual Studio Solution File, Format Version 12.00
# Visual Studio 15
VisualStudioVersion = 15.0.27703.2042
MinimumVisualStudioVersion = 10.0.40219.1
Project("{FAE04EC0-301F-11D3-BF4B-00C04F79EFBC}") = "Game2048", "Game2048\Game2048.csproj", "{DB029639-189F-4C3A-9B4D-10060C3C9632}"
EndProject
Global
	GlobalSection(SolutionConfigurationPlatforms) = preSolution
		Debug|Any CPU = Debug|Any CPU
		Release|Any CPU = Release|Any CPU
	EndGlobalSection
	GlobalSection(ProjectConfigurationPlatforms) = postSolution
		{DB029639-189F-4C3A-9B4D-10060C3C9632}.Debug|Any CPU.ActiveCfg = Debug|Any CPU
		{DB029639-189F-4C3A-9B4D-10060C3C9632}.Debug|Any CPU.Build.0 = Debug|Any CPU
		{DB029639-189F-4C3A-9B4D-10060C3C9632}.Release|Any CPU.ActiveCfg = Release|Any CPU
		{DB029639-189F-4C3A-9B4D-10060C3C9632}.Release|Any CPU.Build.0 = Release|Any CPU
	EndGlobalSection
	GlobalSection(SolutionProperties) = preSolution
		HideSolutionNode = FALSE
	EndGlobalSection
	GlobalSection(ExtensibilityGlobals) = postSolution
		SolutionGuid = {DE3DD8AC-4222-433A-A5DE-B80215A842F2}
	EndGlobalSection
EndGlobal
